
Microsoft Visual Studio Solution File, Format Version 12.00
# Visual Studio Version 17
VisualStudioVersion = 17.0.31903.59
MinimumVisualStudioVersion = 10.0.40219.1
Project("{2150E333-8FDC-42A3-9474-1A3956D46DE8}") = "Services", "Services", "{D4EC6514-8BEA-4FC7-AC46-494AB519AAC4}"
EndProject
Project("{2150E333-8FDC-42A3-9474-1A3956D46DE8}") = "Catalog", "Catalog", "{2987E037-3AE7-400C-A7FA-77D96AAFFF15}"
EndProject
Project("{FAE04EC0-301F-11D3-BF4B-00C04F79EFBC}") = "Catalog.API", "Services\Catalog\Catalog.API\Catalog.API.csproj", "{699AE40D-E5DD-4927-9863-84AA62CAD697}"
EndProject
Project("{FAE04EC0-301F-11D3-BF4B-00C04F79EFBC}") = "Discount.API", "Services\Discount\Discount.API\Discount.API.csproj", "{F8DED9C6-4CE6-4AC7-A598-45A036A96277}"
EndProject
Global
	GlobalSection(SolutionConfigurationPlatforms) = preSolution
		Debug|Any CPU = Debug|Any CPU
		Release|Any CPU = Release|Any CPU
	EndGlobalSection
	GlobalSection(SolutionProperties) = preSolution
		HideSolutionNode = FALSE
	EndGlobalSection
	GlobalSection(ProjectConfigurationPlatforms) = postSolution
		{699AE40D-E5DD-4927-9863-84AA62CAD697}.Debug|Any CPU.ActiveCfg = Debug|Any CPU
		{699AE40D-E5DD-4927-9863-84AA62CAD697}.Debug|Any CPU.Build.0 = Debug|Any CPU
		{699AE40D-E5DD-4927-9863-84AA62CAD697}.Release|Any CPU.ActiveCfg = Release|Any CPU
		{699AE40D-E5DD-4927-9863-84AA62CAD697}.Release|Any CPU.Build.0 = Release|Any CPU
		{F8DED9C6-4CE6-4AC7-A598-45A036A96277}.Debug|Any CPU.ActiveCfg = Debug|Any CPU
		{F8DED9C6-4CE6-4AC7-A598-45A036A96277}.Debug|Any CPU.Build.0 = Debug|Any CPU
		{F8DED9C6-4CE6-4AC7-A598-45A036A96277}.Release|Any CPU.ActiveCfg = Release|Any CPU
		{F8DED9C6-4CE6-4AC7-A598-45A036A96277}.Release|Any CPU.Build.0 = Release|Any CPU
	EndGlobalSection
	GlobalSection(NestedProjects) = preSolution
		{2987E037-3AE7-400C-A7FA-77D96AAFFF15} = {D4EC6514-8BEA-4FC7-AC46-494AB519AAC4}
		{699AE40D-E5DD-4927-9863-84AA62CAD697} = {2987E037-3AE7-400C-A7FA-77D96AAFFF15}
		{F8DED9C6-4CE6-4AC7-A598-45A036A96277} = {2987E037-3AE7-400C-A7FA-77D96AAFFF15}
	EndGlobalSection
EndGlobal
